
Microsoft Visual Studio Solution File, Format Version 12.00
# Visual Studio Version 16
VisualStudioVersion = 16.0.30804.86
MinimumVisualStudioVersion = 10.0.40219.1
Project("{9A19103F-16F7-4668-BE54-9A1E7A4F7556}") = "DesignPattern", "TestSkill\DesignPattern.csproj", "{CE100B63-BBBB-4F26-9593-C437114AF814}"
EndProject
Global
	GlobalSection(SolutionConfigurationPlatforms) = preSolution
		Debug|Any CPU = Debug|Any CPU
		Release|Any CPU = Release|Any CPU
	EndGlobalSection
	GlobalSection(ProjectConfigurationPlatforms) = postSolution
		{CE100B63-BBBB-4F26-9593-C437114AF814}.Debug|Any CPU.ActiveCfg = Debug|Any CPU
		{CE100B63-BBBB-4F26-9593-C437114AF814}.Debug|Any CPU.Build.0 = Debug|Any CPU
		{CE100B63-BBBB-4F26-9593-C437114AF814}.Release|Any CPU.ActiveCfg = Release|Any CPU
		{CE100B63-BBBB-4F26-9593-C437114AF814}.Release|Any CPU.Build.0 = Release|Any CPU
	EndGlobalSection
	GlobalSection(SolutionProperties) = preSolution
		HideSolutionNode = FALSE
	EndGlobalSection
	GlobalSection(ExtensibilityGlobals) = postSolution
		SolutionGuid = {0F62AF51-AA80-456A-B436-728D3F21D56E}
	EndGlobalSection
EndGlobal
