
Microsoft Visual Studio Solution File, Format Version 12.00
# Visual Studio Version 16
VisualStudioVersion = 16.0.30804.86
MinimumVisualStudioVersion = 10.0.40219.1
Project("{2150E333-8FDC-42A3-9474-1A3956D46DE8}") = "Code", "Code", "{732B0F5F-DE10-4602-BD43-7A06B588584E}"
EndProject
Project("{2150E333-8FDC-42A3-9474-1A3956D46DE8}") = "Repost", "Repost", "{D1A3315D-C2AB-456F-BAFC-B5FDF25C5989}"
EndProject
Project("{FAE04EC0-301F-11D3-BF4B-00C04F79EFBC}") = "DeviceStore", "DeviceStore\DeviceStore.csproj", "{4D0417D3-99C5-4351-A434-BDD5AF24B2E6}"
EndProject
Global
	GlobalSection(SolutionConfigurationPlatforms) = preSolution
		Debug|Any CPU = Debug|Any CPU
		Release|Any CPU = Release|Any CPU
	EndGlobalSection
	GlobalSection(ProjectConfigurationPlatforms) = postSolution
		{4D0417D3-99C5-4351-A434-BDD5AF24B2E6}.Debug|Any CPU.ActiveCfg = Debug|Any CPU
		{4D0417D3-99C5-4351-A434-BDD5AF24B2E6}.Debug|Any CPU.Build.0 = Debug|Any CPU
		{4D0417D3-99C5-4351-A434-BDD5AF24B2E6}.Release|Any CPU.ActiveCfg = Release|Any CPU
		{4D0417D3-99C5-4351-A434-BDD5AF24B2E6}.Release|Any CPU.Build.0 = Release|Any CPU
	EndGlobalSection
	GlobalSection(SolutionProperties) = preSolution
		HideSolutionNode = FALSE
	EndGlobalSection
	GlobalSection(NestedProjects) = preSolution
		{4D0417D3-99C5-4351-A434-BDD5AF24B2E6} = {732B0F5F-DE10-4602-BD43-7A06B588584E}
	EndGlobalSection
	GlobalSection(ExtensibilityGlobals) = postSolution
		SolutionGuid = {0F62AF51-AA80-456A-B436-728D3F21D56E}
	EndGlobalSection
EndGlobal
